{
  "name": "skilvul",
  "lockfileVersion": 2,
  "requires": true,
  "packages": {
    "": {
      "dependencies": {
        "thunk": "^0.0.1"
      }
    },
    "node_modules/pjs": {
      "version": "5.1.2",
      "resolved": "https://registry.npmjs.org/pjs/-/pjs-5.1.2.tgz",
      "integrity": "sha512-aoPrjtnYOknat/wiO5hyCkub7LymxSY1BN8gIsW49PfbdPyQiaU+UOo9DfSEhhl48cWLd28IwpERutBveLdQLA=="
    },
    "node_modules/thunk": {
      "version": "0.0.1",
      "resolved": "https://registry.npmjs.org/thunk/-/thunk-0.0.1.tgz",
      "integrity": "sha512-pmOMtF63oJP7v+Hka9yRmcoPVeLGZtq2S0NwAh+rE8guWEOcg27dddYsJYZSJiKg4DTs/i71eaUDEvyCuTDNrg==",
      "dependencies": {
        "pjs": "*"
      },
      "engines": {
        "node": "*"
      }
    }
  },
  "dependencies": {
    "pjs": {
      "version": "5.1.2",
      "resolved": "https://registry.npmjs.org/pjs/-/pjs-5.1.2.tgz",
      "integrity": "sha512-aoPrjtnYOknat/wiO5hyCkub7LymxSY1BN8gIsW49PfbdPyQiaU+UOo9DfSEhhl48cWLd28IwpERutBveLdQLA=="
    },
    "thunk": {
      "version": "0.0.1",
      "resolved": "https://registry.npmjs.org/thunk/-/thunk-0.0.1.tgz",
      "integrity": "sha512-pmOMtF63oJP7v+Hka9yRmcoPVeLGZtq2S0NwAh+rE8guWEOcg27dddYsJYZSJiKg4DTs/i71eaUDEvyCuTDNrg==",
      "requires": {
        "pjs": "*"
      }
    }
  }
}
